
Microsoft Visual Studio Solution File, Format Version 12.00
# Visual Studio 14
VisualStudioVersion = 14.0.25420.1
MinimumVisualStudioVersion = 10.0.40219.1
Project("{8BC9CEB8-8B4A-11D0-8D11-00A0C91BC942}") = "TecProg_ProcVersion", "TecProg_ProcVersion\TecProg_ProcVersion.vcxproj", "{EAEE58E9-A30D-42C8-9BAD-B269DCF9DF0A}"
EndProject
Project("{8BC9CEB8-8B4A-11D0-8D11-00A0C91BC942}") = "UnitTest1", "UnitTest1\UnitTest1.vcxproj", "{98FBAC1C-A1CC-4F12-8FF7-D1AC6ABF17EC}"
EndProject
Global
	GlobalSection(SolutionConfigurationPlatforms) = preSolution
		Debug|x64 = Debug|x64
		Debug|x86 = Debug|x86
		Release|x64 = Release|x64
		Release|x86 = Release|x86
	EndGlobalSection
	GlobalSection(ProjectConfigurationPlatforms) = postSolution
		{EAEE58E9-A30D-42C8-9BAD-B269DCF9DF0A}.Debug|x64.ActiveCfg = Debug|x64
		{EAEE58E9-A30D-42C8-9BAD-B269DCF9DF0A}.Debug|x64.Build.0 = Debug|x64
		{EAEE58E9-A30D-42C8-9BAD-B269DCF9DF0A}.Debug|x86.ActiveCfg = Debug|Win32
		{EAEE58E9-A30D-42C8-9BAD-B269DCF9DF0A}.Debug|x86.Build.0 = Debug|Win32
		{EAEE58E9-A30D-42C8-9BAD-B269DCF9DF0A}.Release|x64.ActiveCfg = Release|x64
		{EAEE58E9-A30D-42C8-9BAD-B269DCF9DF0A}.Release|x64.Build.0 = Release|x64
		{EAEE58E9-A30D-42C8-9BAD-B269DCF9DF0A}.Release|x86.ActiveCfg = Release|Win32
		{EAEE58E9-A30D-42C8-9BAD-B269DCF9DF0A}.Release|x86.Build.0 = Release|Win32
		{98FBAC1C-A1CC-4F12-8FF7-D1AC6ABF17EC}.Debug|x64.ActiveCfg = Debug|x64
		{98FBAC1C-A1CC-4F12-8FF7-D1AC6ABF17EC}.Debug|x64.Build.0 = Debug|x64
		{98FBAC1C-A1CC-4F12-8FF7-D1AC6ABF17EC}.Debug|x86.ActiveCfg = Debug|Win32
		{98FBAC1C-A1CC-4F12-8FF7-D1AC6ABF17EC}.Debug|x86.Build.0 = Debug|Win32
		{98FBAC1C-A1CC-4F12-8FF7-D1AC6ABF17EC}.Release|x64.ActiveCfg = Release|x64
		{98FBAC1C-A1CC-4F12-8FF7-D1AC6ABF17EC}.Release|x64.Build.0 = Release|x64
		{98FBAC1C-A1CC-4F12-8FF7-D1AC6ABF17EC}.Release|x86.ActiveCfg = Release|Win32
		{98FBAC1C-A1CC-4F12-8FF7-D1AC6ABF17EC}.Release|x86.Build.0 = Release|Win32
	EndGlobalSection
	GlobalSection(SolutionProperties) = preSolution
		HideSolutionNode = FALSE
	EndGlobalSection
EndGlobal
